
Microsoft Visual Studio Solution File, Format Version 12.00
# Visual Studio Version 16
VisualStudioVersion = 16.0.30330.147
MinimumVisualStudioVersion = 10.0.40219.1
Project("{FAE04EC0-301F-11D3-BF4B-00C04F79EFBC}") = "travel expense", "travel expense\travel expense.csproj", "{78ED9296-8BA4-491F-9520-84AF4FA76136}"
EndProject
Global
	GlobalSection(SolutionConfigurationPlatforms) = preSolution
		Debug|Any CPU = Debug|Any CPU
		Release|Any CPU = Release|Any CPU
	EndGlobalSection
	GlobalSection(ProjectConfigurationPlatforms) = postSolution
		{78ED9296-8BA4-491F-9520-84AF4FA76136}.Debug|Any CPU.ActiveCfg = Debug|Any CPU
		{78ED9296-8BA4-491F-9520-84AF4FA76136}.Debug|Any CPU.Build.0 = Debug|Any CPU
		{78ED9296-8BA4-491F-9520-84AF4FA76136}.Release|Any CPU.ActiveCfg = Release|Any CPU
		{78ED9296-8BA4-491F-9520-84AF4FA76136}.Release|Any CPU.Build.0 = Release|Any CPU
	EndGlobalSection
	GlobalSection(SolutionProperties) = preSolution
		HideSolutionNode = FALSE
	EndGlobalSection
	GlobalSection(ExtensibilityGlobals) = postSolution
		SolutionGuid = {7242A953-CD34-403E-B0C2-762FD1EC87FA}
	EndGlobalSection
EndGlobal
